
Microsoft Visual Studio Solution File, Format Version 10.00
# Visual Studio 2008
Project("{FAE04EC0-301F-11D3-BF4B-00C04F79EFBC}") = "UnitTest", "UnitTest\UnitTest.csproj", "{2A34C93C-E9A2-4EED-9ABC-1F325D0328C6}"
EndProject
Project("{2150E333-8FDC-42A3-9474-1A3956D46DE8}") = "Solution Items", "Solution Items", "{A0C9D913-157F-4FF3-83DD-F4C5CE90CBD3}"
	ProjectSection(SolutionItems) = preProject
		localtestrun.testrunconfig = localtestrun.testrunconfig
		UnitTest.vsmdi = UnitTest.vsmdi
	EndProjectSection
EndProject
Project("{8BC9CEB8-8B4A-11D0-8D11-00A0C91BC942}") = "CUBRIDProvider", "..\CUBRIDProvider.vcproj", "{47F98C66-1ADB-438D-9C38-A137D7B0C3D6}"
EndProject
Global
	GlobalSection(TestCaseManagementSettings) = postSolution
		CategoryFile = UnitTest.vsmdi
	EndGlobalSection
	GlobalSection(SolutionConfigurationPlatforms) = preSolution
		Debug|Win32 = Debug|Win32
		Release|Win32 = Release|Win32
	EndGlobalSection
	GlobalSection(ProjectConfigurationPlatforms) = postSolution
		{2A34C93C-E9A2-4EED-9ABC-1F325D0328C6}.Debug|Win32.ActiveCfg = Debug|x86
		{2A34C93C-E9A2-4EED-9ABC-1F325D0328C6}.Release|Win32.ActiveCfg = Release|x86
		{47F98C66-1ADB-438D-9C38-A137D7B0C3D6}.Debug|Win32.ActiveCfg = Debug|Win32
		{47F98C66-1ADB-438D-9C38-A137D7B0C3D6}.Debug|Win32.Build.0 = Debug|Win32
		{47F98C66-1ADB-438D-9C38-A137D7B0C3D6}.Release|Win32.ActiveCfg = Release|Win32
		{47F98C66-1ADB-438D-9C38-A137D7B0C3D6}.Release|Win32.Build.0 = Release|Win32
	EndGlobalSection
	GlobalSection(SolutionProperties) = preSolution
		HideSolutionNode = FALSE
	EndGlobalSection
EndGlobal
